
Microsoft Visual Studio Solution File, Format Version 12.00
# Visual Studio Version 16
VisualStudioVersion = 16.0.31702.278
MinimumVisualStudioVersion = 10.0.40219.1
Project("{FAE04EC0-301F-11D3-BF4B-00C04F79EFBC}") = "Examen1NathalieMirandaVenegas", "Examen1NathalieMirandaVenegas\Examen1NathalieMirandaVenegas.csproj", "{305374EC-2A6E-4C6D-A0DB-C478684E1800}"
EndProject
Global
	GlobalSection(SolutionConfigurationPlatforms) = preSolution
		Debug|Any CPU = Debug|Any CPU
		Release|Any CPU = Release|Any CPU
	EndGlobalSection
	GlobalSection(ProjectConfigurationPlatforms) = postSolution
		{305374EC-2A6E-4C6D-A0DB-C478684E1800}.Debug|Any CPU.ActiveCfg = Debug|Any CPU
		{305374EC-2A6E-4C6D-A0DB-C478684E1800}.Debug|Any CPU.Build.0 = Debug|Any CPU
		{305374EC-2A6E-4C6D-A0DB-C478684E1800}.Release|Any CPU.ActiveCfg = Release|Any CPU
		{305374EC-2A6E-4C6D-A0DB-C478684E1800}.Release|Any CPU.Build.0 = Release|Any CPU
	EndGlobalSection
	GlobalSection(SolutionProperties) = preSolution
		HideSolutionNode = FALSE
	EndGlobalSection
	GlobalSection(ExtensibilityGlobals) = postSolution
		SolutionGuid = {755C1CAD-67C8-4BBD-BD41-E43528EDA6BF}
	EndGlobalSection
EndGlobal
